
Microsoft Visual Studio Solution File, Format Version 12.00
# Visual Studio 15
VisualStudioVersion = 15.0.28010.2046
MinimumVisualStudioVersion = 10.0.40219.1
Project("{9A19103F-16F7-4668-BE54-9A1E7A4F7556}") = "BigGustave", "BigGustave\BigGustave.csproj", "{46C8FE2A-A228-4F0D-9D15-45C13B7299C1}"
EndProject
Project("{9A19103F-16F7-4668-BE54-9A1E7A4F7556}") = "BigGustave.Tests", "BigGustave.Tests\BigGustave.Tests.csproj", "{D63BC3E9-ECE1-4E79-AB08-AB9575CDC709}"
EndProject
Project("{FAE04EC0-301F-11D3-BF4B-00C04F79EFBC}") = "BigGustave.Timing", "BigGustave.Timing\BigGustave.Timing.csproj", "{A21AB0A9-6AB4-49F4-8A04-89A4EDC0C842}"
EndProject
Global
	GlobalSection(SolutionConfigurationPlatforms) = preSolution
		Debug|Any CPU = Debug|Any CPU
		Release|Any CPU = Release|Any CPU
	EndGlobalSection
	GlobalSection(ProjectConfigurationPlatforms) = postSolution
		{46C8FE2A-A228-4F0D-9D15-45C13B7299C1}.Debug|Any CPU.ActiveCfg = Debug|Any CPU
		{46C8FE2A-A228-4F0D-9D15-45C13B7299C1}.Debug|Any CPU.Build.0 = Debug|Any CPU
		{46C8FE2A-A228-4F0D-9D15-45C13B7299C1}.Release|Any CPU.ActiveCfg = Release|Any CPU
		{46C8FE2A-A228-4F0D-9D15-45C13B7299C1}.Release|Any CPU.Build.0 = Release|Any CPU
		{D63BC3E9-ECE1-4E79-AB08-AB9575CDC709}.Debug|Any CPU.ActiveCfg = Debug|Any CPU
		{D63BC3E9-ECE1-4E79-AB08-AB9575CDC709}.Debug|Any CPU.Build.0 = Debug|Any CPU
		{D63BC3E9-ECE1-4E79-AB08-AB9575CDC709}.Release|Any CPU.ActiveCfg = Release|Any CPU
		{D63BC3E9-ECE1-4E79-AB08-AB9575CDC709}.Release|Any CPU.Build.0 = Release|Any CPU
		{A21AB0A9-6AB4-49F4-8A04-89A4EDC0C842}.Debug|Any CPU.ActiveCfg = Debug|Any CPU
		{A21AB0A9-6AB4-49F4-8A04-89A4EDC0C842}.Debug|Any CPU.Build.0 = Debug|Any CPU
		{A21AB0A9-6AB4-49F4-8A04-89A4EDC0C842}.Release|Any CPU.ActiveCfg = Release|Any CPU
		{A21AB0A9-6AB4-49F4-8A04-89A4EDC0C842}.Release|Any CPU.Build.0 = Release|Any CPU
	EndGlobalSection
	GlobalSection(SolutionProperties) = preSolution
		HideSolutionNode = FALSE
	EndGlobalSection
	GlobalSection(ExtensibilityGlobals) = postSolution
		SolutionGuid = {101853D4-C6D5-4EF4-88C1-8E614E6BB3CE}
	EndGlobalSection
EndGlobal
